
Microsoft Visual Studio Solution File, Format Version 12.00
# Visual Studio Version 17
VisualStudioVersion = 17.5.33530.505
MinimumVisualStudioVersion = 10.0.40219.1
Project("{FAE04EC0-301F-11D3-BF4B-00C04F79EFBC}") = "StringLib", "StringLib\StringLib.csproj", "{9C990DDA-81F5-476E-A7F7-0092B92D2763}"
EndProject
Project("{FAE04EC0-301F-11D3-BF4B-00C04F79EFBC}") = "StringLibTest", "StringLibTest\StringLibTest.csproj", "{030E89DE-9C46-4337-A96D-7C87C75F49CE}"
EndProject
Global
	GlobalSection(SolutionConfigurationPlatforms) = preSolution
		Debug|Any CPU = Debug|Any CPU
		Release|Any CPU = Release|Any CPU
	EndGlobalSection
	GlobalSection(ProjectConfigurationPlatforms) = postSolution
		{9C990DDA-81F5-476E-A7F7-0092B92D2763}.Debug|Any CPU.ActiveCfg = Debug|Any CPU
		{9C990DDA-81F5-476E-A7F7-0092B92D2763}.Debug|Any CPU.Build.0 = Debug|Any CPU
		{9C990DDA-81F5-476E-A7F7-0092B92D2763}.Release|Any CPU.ActiveCfg = Release|Any CPU
		{9C990DDA-81F5-476E-A7F7-0092B92D2763}.Release|Any CPU.Build.0 = Release|Any CPU
		{030E89DE-9C46-4337-A96D-7C87C75F49CE}.Debug|Any CPU.ActiveCfg = Debug|Any CPU
		{030E89DE-9C46-4337-A96D-7C87C75F49CE}.Debug|Any CPU.Build.0 = Debug|Any CPU
		{030E89DE-9C46-4337-A96D-7C87C75F49CE}.Release|Any CPU.ActiveCfg = Release|Any CPU
		{030E89DE-9C46-4337-A96D-7C87C75F49CE}.Release|Any CPU.Build.0 = Release|Any CPU
	EndGlobalSection
	GlobalSection(SolutionProperties) = preSolution
		HideSolutionNode = FALSE
	EndGlobalSection
	GlobalSection(ExtensibilityGlobals) = postSolution
		SolutionGuid = {BBCB727B-1B6F-4564-871B-ECAFCDC25A3B}
	EndGlobalSection
EndGlobal
